
Microsoft Visual Studio Solution File, Format Version 12.00
# Visual Studio Version 16
VisualStudioVersion = 16.0.29209.62
MinimumVisualStudioVersion = 10.0.40219.1
Project("{FAE04EC0-301F-11D3-BF4B-00C04F79EFBC}") = "AwesomeLogger", "AwesomeLogger\AwesomeLogger.csproj", "{65FE9BCB-811B-41E1-A5B1-90C5F51D95E3}"
EndProject
Global
	GlobalSection(SolutionConfigurationPlatforms) = preSolution
		Debug|Any CPU = Debug|Any CPU
		Release|Any CPU = Release|Any CPU
	EndGlobalSection
	GlobalSection(ProjectConfigurationPlatforms) = postSolution
		{65FE9BCB-811B-41E1-A5B1-90C5F51D95E3}.Debug|Any CPU.ActiveCfg = Debug|Any CPU
		{65FE9BCB-811B-41E1-A5B1-90C5F51D95E3}.Debug|Any CPU.Build.0 = Debug|Any CPU
		{65FE9BCB-811B-41E1-A5B1-90C5F51D95E3}.Release|Any CPU.ActiveCfg = Release|Any CPU
		{65FE9BCB-811B-41E1-A5B1-90C5F51D95E3}.Release|Any CPU.Build.0 = Release|Any CPU
	EndGlobalSection
	GlobalSection(SolutionProperties) = preSolution
		HideSolutionNode = FALSE
	EndGlobalSection
	GlobalSection(ExtensibilityGlobals) = postSolution
		SolutionGuid = {E1719872-6F43-421D-BDE9-AE1A46CF4C7A}
	EndGlobalSection
EndGlobal
